
Microsoft Visual Studio Solution File, Format Version 12.00
# Visual Studio 15
Project("{FAE04EC0-301F-11D3-BF4B-00C04F79EFBC}") = "AuthenticationTest", "AuthenticationTest\AuthenticationTest.csproj", "{27D91508-365B-488E-A756-6897D510580D}"
EndProject
Global
	GlobalSection(SolutionConfigurationPlatforms) = preSolution
		Debug|Any CPU = Debug|Any CPU
		Release|Any CPU = Release|Any CPU
	EndGlobalSection
	GlobalSection(ProjectConfigurationPlatforms) = postSolution
		{27D91508-365B-488E-A756-6897D510580D}.Debug|Any CPU.ActiveCfg = Debug|Any CPU
		{27D91508-365B-488E-A756-6897D510580D}.Debug|Any CPU.Build.0 = Debug|Any CPU
		{27D91508-365B-488E-A756-6897D510580D}.Release|Any CPU.ActiveCfg = Release|Any CPU
		{27D91508-365B-488E-A756-6897D510580D}.Release|Any CPU.Build.0 = Release|Any CPU
	EndGlobalSection
EndGlobal
